
Microsoft Visual Studio Solution File, Format Version 11.00
# Visual Studio 2010
Project("{FAE04EC0-301F-11D3-BF4B-00C04F79EFBC}") = "DocToHelp", "DocToHelp\DocToHelp.csproj", "{01170F3F-0772-4E17-9693-9DE86A74A54B}"
EndProject
Global
	GlobalSection(TeamFoundationVersionControl) = preSolution
		SccNumberOfProjects = 2
		SccEnterpriseProvider = {4CA58AB2-18FA-4F8D-95D4-32DDF27D184C}
		SccTeamFoundationServer = http://obelix:8080/tfs/2io
		SccLocalPath0 = .
		SccProjectUniqueName1 = DocToHelp\\DocToHelp.csproj
		SccProjectName1 = DocToHelp
		SccLocalPath1 = DocToHelp
	EndGlobalSection
	GlobalSection(SolutionConfigurationPlatforms) = preSolution
		Debug|x86 = Debug|x86
		Release|x86 = Release|x86
	EndGlobalSection
	GlobalSection(ProjectConfigurationPlatforms) = postSolution
		{01170F3F-0772-4E17-9693-9DE86A74A54B}.Debug|x86.ActiveCfg = Debug|x86
		{01170F3F-0772-4E17-9693-9DE86A74A54B}.Debug|x86.Build.0 = Debug|x86
		{01170F3F-0772-4E17-9693-9DE86A74A54B}.Release|x86.ActiveCfg = Release|x86
		{01170F3F-0772-4E17-9693-9DE86A74A54B}.Release|x86.Build.0 = Release|x86
	EndGlobalSection
	GlobalSection(SolutionProperties) = preSolution
		HideSolutionNode = FALSE
	EndGlobalSection
EndGlobal
